// !$*UTF8*$!
{
	archiveVersion = 1;
	classes = {
	};
	objectVersion = 46;
	objects = {

/* Begin PBXBuildFile section */
		9844B3ED13B9F42F00619BCA /* map.png in Resources */ = {isa = PBXBuildFile; fileRef = 9844B3EC13B9F42F00619BCA /* map.png */; };
		DB055BDD13BDB26A00C599D6 /* ASIAuthenticationDialog.m in Sources */ = {isa = PBXBuildFile; fileRef = DB055BC713BDB26A00C599D6 /* ASIAuthenticationDialog.m */; };
		DB055BDE13BDB26A00C599D6 /* ASIDataCompressor.m in Sources */ = {isa = PBXBuildFile; fileRef = DB055BCA13BDB26A00C599D6 /* ASIDataCompressor.m */; };
		DB055BDF13BDB26A00C599D6 /* ASIDataDecompressor.m in Sources */ = {isa = PBXBuildFile; fileRef = DB055BCC13BDB26A00C599D6 /* ASIDataDecompressor.m */; };
		DB055BE013BDB26A00C599D6 /* ASIDownloadCache.m in Sources */ = {isa = PBXBuildFile; fileRef = DB055BCE13BDB26A00C599D6 /* ASIDownloadCache.m */; };
		DB055BE113BDB26A00C599D6 /* ASIFormDataRequest.m in Sources */ = {isa = PBXBuildFile; fileRef = DB055BD013BDB26A00C599D6 /* ASIFormDataRequest.m */; };
		DB055BE213BDB26A00C599D6 /* ASIHTTPRequest.m in Sources */ = {isa = PBXBuildFile; fileRef = DB055BD213BDB26A00C599D6 /* ASIHTTPRequest.m */; };
		DB055BE313BDB26A00C599D6 /* ASIInputStream.m in Sources */ = {isa = PBXBuildFile; fileRef = DB055BD613BDB26A00C599D6 /* ASIInputStream.m */; };
		DB055BE413BDB26A00C599D6 /* ASINetworkQueue.m in Sources */ = {isa = PBXBuildFile; fileRef = DB055BD813BDB26A00C599D6 /* ASINetworkQueue.m */; };
		DB055BE513BDB26A00C599D6 /* ASIWebPageRequest in Resources */ = {isa = PBXBuildFile; fileRef = DB055BDA13BDB26A00C599D6 /* ASIWebPageRequest */; };
		DB055BE613BDB26A00C599D6 /* CloudFiles in Resources */ = {isa = PBXBuildFile; fileRef = DB055BDB13BDB26A00C599D6 /* CloudFiles */; };
		DB055BE713BDB26A00C599D6 /* S3 in Resources */ = {isa = PBXBuildFile; fileRef = DB055BDC13BDB26A00C599D6 /* S3 */; };
		DB055BEA13BDB27500C599D6 /* Reachability.m in Sources */ = {isa = PBXBuildFile; fileRef = DB055BE913BDB27500C599D6 /* Reachability.m */; };
		DB055BF813BDB2B500C599D6 /* MobileCoreServices.framework in Frameworks */ = {isa = PBXBuildFile; fileRef = DB055BF713BDB2B500C599D6 /* MobileCoreServices.framework */; };
		DB055BFA13BDB2BA00C599D6 /* SystemConfiguration.framework in Frameworks */ = {isa = PBXBuildFile; fileRef = DB055BF913BDB2BA00C599D6 /* SystemConfiguration.framework */; };
		DB14E56413B1CD7B0030E84F /* UIKit.framework in Frameworks */ = {isa = PBXBuildFile; fileRef = DB14E56313B1CD7B0030E84F /* UIKit.framework */; };
		DB14E56613B1CD7B0030E84F /* Foundation.framework in Frameworks */ = {isa = PBXBuildFile; fileRef = DB14E56513B1CD7B0030E84F /* Foundation.framework */; };
		DB14E56813B1CD7B0030E84F /* CoreGraphics.framework in Frameworks */ = {isa = PBXBuildFile; fileRef = DB14E56713B1CD7B0030E84F /* CoreGraphics.framework */; };
		DB14E56E13B1CD7B0030E84F /* InfoPlist.strings in Resources */ = {isa = PBXBuildFile; fileRef = DB14E56C13B1CD7B0030E84F /* InfoPlist.strings */; };
		DB14E57113B1CD7B0030E84F /* main.m in Sources */ = {isa = PBXBuildFile; fileRef = DB14E57013B1CD7B0030E84F /* main.m */; };
		DB14E57413B1CD7B0030E84F /* VeloAntwerpenAppDelegate.mm in Sources */ = {isa = PBXBuildFile; fileRef = DB14E57313B1CD7B0030E84F /* VeloAntwerpenAppDelegate.mm */; };
		DB14E57A13B1CD7B0030E84F /* MapViewController.m in Sources */ = {isa = PBXBuildFile; fileRef = DB14E57913B1CD7B0030E84F /* MapViewController.m */; };
		DB14E57D13B1CD7B0030E84F /* ListViewController.m in Sources */ = {isa = PBXBuildFile; fileRef = DB14E57C13B1CD7B0030E84F /* ListViewController.m */; };
		DB14E58A13B1CE6B0030E84F /* MapKit.framework in Frameworks */ = {isa = PBXBuildFile; fileRef = DB14E58913B1CE6B0030E84F /* MapKit.framework */; };
		DB14E59813B1CF610030E84F /* deflate.c in Sources */ = {isa = PBXBuildFile; fileRef = DB14E58C13B1CF610030E84F /* deflate.c */; };
		DB14E59913B1CF610030E84F /* tinystr.cpp in Sources */ = {isa = PBXBuildFile; fileRef = DB14E58E13B1CF610030E84F /* tinystr.cpp */; };
		DB14E59A13B1CF610030E84F /* tinyxml.cpp in Sources */ = {isa = PBXBuildFile; fileRef = DB14E59013B1CF610030E84F /* tinyxml.cpp */; };
		DB14E59B13B1CF610030E84F /* tinyxmlerror.cpp in Sources */ = {isa = PBXBuildFile; fileRef = DB14E59213B1CF610030E84F /* tinyxmlerror.cpp */; };
		DB14E59C13B1CF610030E84F /* tinyxmlparser.cpp in Sources */ = {isa = PBXBuildFile; fileRef = DB14E59313B1CF610030E84F /* tinyxmlparser.cpp */; };
		DB14E59D13B1CF610030E84F /* trees.c in Sources */ = {isa = PBXBuildFile; fileRef = DB14E59413B1CF610030E84F /* trees.c */; };
		DB14E59E13B1CF610030E84F /* zutil.c in Sources */ = {isa = PBXBuildFile; fileRef = DB14E59613B1CF610030E84F /* zutil.c */; };
		DB14E5A013B1CFDE0030E84F /* libz.1.1.3.dylib in Frameworks */ = {isa = PBXBuildFile; fileRef = DB14E59F13B1CFDE0030E84F /* libz.1.1.3.dylib */; };
		DB14E5A313B1D3B30030E84F /* StationAnnotation.m in Sources */ = {isa = PBXBuildFile; fileRef = DB14E5A213B1D3B30030E84F /* StationAnnotation.m */; };
		DB19B04C13B28C770060C98F /* Default.png in Resources */ = {isa = PBXBuildFile; fileRef = DB19B04B13B28C770060C98F /* Default.png */; };
		DB239C7513BD1429006E0D3E /* libGoogleAnalytics.a in Frameworks */ = {isa = PBXBuildFile; fileRef = DB239C7413BD1429006E0D3E /* libGoogleAnalytics.a */; };
		DB239C7713BD17DF006E0D3E /* libsqlite3.0.dylib in Frameworks */ = {isa = PBXBuildFile; fileRef = DB239C7613BD17DF006E0D3E /* libsqlite3.0.dylib */; };
		DB239C7913BD17E4006E0D3E /* CFNetwork.framework in Frameworks */ = {isa = PBXBuildFile; fileRef = DB239C7813BD17E4006E0D3E /* CFNetwork.framework */; };
		DB239C7B13BD1F10006E0D3E /* cache in Resources */ = {isa = PBXBuildFile; fileRef = DB239C7A13BD1F10006E0D3E /* cache */; };
		DB50425C13B1D7B000E869A3 /* list.png in Resources */ = {isa = PBXBuildFile; fileRef = DB50425B13B1D7B000E869A3 /* list.png */; };
		DB50425F13B1D7C600E869A3 /* navicon.png in Resources */ = {isa = PBXBuildFile; fileRef = DB50425E13B1D7C600E869A3 /* navicon.png */; };
		DB50426213B1D80300E869A3 /* 103-map.png in Resources */ = {isa = PBXBuildFile; fileRef = DB50426013B1D80300E869A3 /* 103-map.png */; };
		DB50426313B1D80300E869A3 /* 103-map@2x.png in Resources */ = {isa = PBXBuildFile; fileRef = DB50426113B1D80300E869A3 /* 103-map@2x.png */; };
		DB50426513B1D83800E869A3 /* navicon@2x.png in Resources */ = {isa = PBXBuildFile; fileRef = DB50426413B1D83800E869A3 /* navicon@2x.png */; };
		DB50426C13B218D500E869A3 /* StationDetailViewController.m in Sources */ = {isa = PBXBuildFile; fileRef = DB50426A13B218D500E869A3 /* StationDetailViewController.m */; };
		DB50426D13B218D500E869A3 /* StationDetailView.xib in Resources */ = {isa = PBXBuildFile; fileRef = DB50426B13B218D500E869A3 /* StationDetailView.xib */; };
		DB50427113B21AAC00E869A3 /* Station.m in Sources */ = {isa = PBXBuildFile; fileRef = DB50427013B21AAC00E869A3 /* Station.m */; };
		DB50427413B220A600E869A3 /* CoreLocation.framework in Frameworks */ = {isa = PBXBuildFile; fileRef = DB50427313B220A600E869A3 /* CoreLocation.framework */; };
		DB50427713B2388800E869A3 /* icon.png in Resources */ = {isa = PBXBuildFile; fileRef = DB50427513B2388800E869A3 /* icon.png */; };
		DB5CF40613B47EBA00291E0E /* Localizable.strings in Resources */ = {isa = PBXBuildFile; fileRef = DB5CF40413B47EBA00291E0E /* Localizable.strings */; };
		DB5CF40813B47ED400291E0E /* ListView.xib in Resources */ = {isa = PBXBuildFile; fileRef = DB5CF40913B47ED400291E0E /* ListView.xib */; };
		DB5CF40A13B47EEC00291E0E /* MapView.xib in Resources */ = {isa = PBXBuildFile; fileRef = DB5CF40B13B47EEC00291E0E /* MapView.xib */; };
		DB5CF40C13B47EF800291E0E /* MainWindow.xib in Resources */ = {isa = PBXBuildFile; fileRef = DB5CF40D13B47EF800291E0E /* MainWindow.xib */; };
		DB7EFD0713B32535007D3BD6 /* 08-chat.png in Resources */ = {isa = PBXBuildFile; fileRef = DB7EFD0513B32535007D3BD6 /* 08-chat.png */; };
		DB7EFD0813B32535007D3BD6 /* 08-chat@2x.png in Resources */ = {isa = PBXBuildFile; fileRef = DB7EFD0613B32535007D3BD6 /* 08-chat@2x.png */; };
		DB7EFD0E13B32572007D3BD6 /* ContactViewController.m in Sources */ = {isa = PBXBuildFile; fileRef = DB7EFD0C13B32572007D3BD6 /* ContactViewController.m */; };
		DB7EFD0F13B32572007D3BD6 /* ContactView.xib in Resources */ = {isa = PBXBuildFile; fileRef = DB7EFD0D13B32572007D3BD6 /* ContactView.xib */; };
		DB7EFD1313B327B5007D3BD6 /* ReportIssueViewController.m in Sources */ = {isa = PBXBuildFile; fileRef = DB7EFD1113B327B5007D3BD6 /* ReportIssueViewController.m */; };
		DB7EFD1413B327B5007D3BD6 /* ReportIssueView.xib in Resources */ = {isa = PBXBuildFile; fileRef = DB7EFD1213B327B5007D3BD6 /* ReportIssueView.xib */; };
		DB7EFD1A13B329E0007D3BD6 /* WEPopoverContainerView.m in Sources */ = {isa = PBXBuildFile; fileRef = DB7EFD1613B329E0007D3BD6 /* WEPopoverContainerView.m */; };
		DB7EFD1B13B329E0007D3BD6 /* WEPopoverController.m in Sources */ = {isa = PBXBuildFile; fileRef = DB7EFD1813B329E0007D3BD6 /* WEPopoverController.m */; };
		DB7EFD2313B329F7007D3BD6 /* popoverArrowDown.png in Resources */ = {isa = PBXBuildFile; fileRef = DB7EFD1D13B329F7007D3BD6 /* popoverArrowDown.png */; };
		DB7EFD2413B329F7007D3BD6 /* popoverArrowLeft.png in Resources */ = {isa = PBXBuildFile; fileRef = DB7EFD1E13B329F7007D3BD6 /* popoverArrowLeft.png */; };
		DB7EFD2513B329F7007D3BD6 /* popoverArrowRight.png in Resources */ = {isa = PBXBuildFile; fileRef = DB7EFD1F13B329F7007D3BD6 /* popoverArrowRight.png */; };
		DB7EFD2613B329F7007D3BD6 /* popoverArrowUp.png in Resources */ = {isa = PBXBuildFile; fileRef = DB7EFD2013B329F7007D3BD6 /* popoverArrowUp.png */; };
		DB7EFD2713B329F7007D3BD6 /* popoverBg.png in Resources */ = {isa = PBXBuildFile; fileRef = DB7EFD2113B329F7007D3BD6 /* popoverBg.png */; };
		DB7EFD2813B329F7007D3BD6 /* popoverBgSmall.png in Resources */ = {isa = PBXBuildFile; fileRef = DB7EFD2213B329F7007D3BD6 /* popoverBgSmall.png */; };
		DB7EFD2D13B32ACF007D3BD6 /* TextFieldViewController.m in Sources */ = {isa = PBXBuildFile; fileRef = DB7EFD2B13B32ACF007D3BD6 /* TextFieldViewController.m */; };
		DB7EFD2E13B32ACF007D3BD6 /* TextFieldView.xib in Resources */ = {isa = PBXBuildFile; fileRef = DB7EFD2C13B32ACF007D3BD6 /* TextFieldView.xib */; };
		DB7EFD3213B3466D007D3BD6 /* TextViewViewController.m in Sources */ = {isa = PBXBuildFile; fileRef = DB7EFD3013B3466D007D3BD6 /* TextViewViewController.m */; };
		DB7EFD3313B3466D007D3BD6 /* TextViewView.xib in Resources */ = {isa = PBXBuildFile; fileRef = DB7EFD3113B3466D007D3BD6 /* TextViewView.xib */; };
		DB97164413C09EA6004CEC17 /* NSData+Base64.m in Sources */ = {isa = PBXBuildFile; fileRef = DB97164313C09EA6004CEC17 /* NSData+Base64.m */; };
		DB97164713C0A096004CEC17 /* sort.png in Resources */ = {isa = PBXBuildFile; fileRef = DB97164613C0A096004CEC17 /* sort.png */; };
		DB97164913C0A196004CEC17 /* sort@2x.png in Resources */ = {isa = PBXBuildFile; fileRef = DB97164813C0A196004CEC17 /* sort@2x.png */; };
		DB97169513C1B4CD004CEC17 /* Default@2x.png in Resources */ = {isa = PBXBuildFile; fileRef = DB97169413C1B4CD004CEC17 /* Default@2x.png */; };
		DBA13A4013B5CC81001BFFA5 /* TextFieldViewController2.m in Sources */ = {isa = PBXBuildFile; fileRef = DBA13A3E13B5CC81001BFFA5 /* TextFieldViewController2.m */; };
		DBA13A4113B5CC81001BFFA5 /* TextFieldView2.xib in Resources */ = {isa = PBXBuildFile; fileRef = DBA13A3F13B5CC81001BFFA5 /* TextFieldView2.xib */; };
		DBA13A4413B5CD04001BFFA5 /* ReportBackViewController.m in Sources */ = {isa = PBXBuildFile; fileRef = DBA13A4313B5CD04001BFFA5 /* ReportBackViewController.m */; };
		DBA13A4813B5CDB0001BFFA5 /* CategoryViewController.m in Sources */ = {isa = PBXBuildFile; fileRef = DBA13A4613B5CDB0001BFFA5 /* CategoryViewController.m */; };
		DBA13A4913B5CDB0001BFFA5 /* CategoryView.xib in Resources */ = {isa = PBXBuildFile; fileRef = DBA13A4713B5CDB0001BFFA5 /* CategoryView.xib */; };
		DBA13A4D13B5CEC7001BFFA5 /* TextViewViewController2.m in Sources */ = {isa = PBXBuildFile; fileRef = DBA13A4B13B5CEC7001BFFA5 /* TextViewViewController2.m */; };
		DBA13A4E13B5CEC7001BFFA5 /* TextViewView2.xib in Resources */ = {isa = PBXBuildFile; fileRef = DBA13A4C13B5CEC7001BFFA5 /* TextViewView2.xib */; };
		DBA13A5013B603C0001BFFA5 /* velo_logo.png in Resources */ = {isa = PBXBuildFile; fileRef = DBA13A4F13B603C0001BFFA5 /* velo_logo.png */; };
		DBBEF43213BDE2B900D40B49 /* icon@2x.png in Resources */ = {isa = PBXBuildFile; fileRef = DBBEF43113BDE2B900D40B49 /* icon@2x.png */; };
		DBBEF43513BDE3FB00D40B49 /* logo.png in Resources */ = {isa = PBXBuildFile; fileRef = DBBEF43313BDE3FB00D40B49 /* logo.png */; };
		DBBEF43613BDE3FB00D40B49 /* logo@2x.png in Resources */ = {isa = PBXBuildFile; fileRef = DBBEF43413BDE3FB00D40B49 /* logo@2x.png */; };
		DBDD432C13B3D35D001B3E7C /* SmallActivityIndicator.m in Sources */ = {isa = PBXBuildFile; fileRef = DBDD432B13B3D35D001B3E7C /* SmallActivityIndicator.m */; };
		DBDD432F13B4786D001B3E7C /* AsyncImageView.m in Sources */ = {isa = PBXBuildFile; fileRef = DBDD432E13B4786C001B3E7C /* AsyncImageView.m */; };
		DBDD433113B4792D001B3E7C /* icon45_map.gif in Resources */ = {isa = PBXBuildFile; fileRef = DBDD433013B4792D001B3E7C /* icon45_map.gif */; };
		DBF233ED13B7BBE000569798 /* Entitlements.plist in Resources */ = {isa = PBXBuildFile; fileRef = DBF233EC13B7BBE000569798 /* Entitlements.plist */; };
/* End PBXBuildFile section */

/* Begin PBXFileReference section */
		9844B3EC13B9F42F00619BCA /* map.png */ = {isa = PBXFileReference; lastKnownFileType = image.png; path = map.png; sourceTree = "<group>"; };
		DB055BC613BDB26A00C599D6 /* ASIAuthenticationDialog.h */ = {isa = PBXFileReference; fileEncoding = 4; lastKnownFileType = sourcecode.c.h; path = ASIAuthenticationDialog.h; sourceTree = "<group>"; };
		DB055BC713BDB26A00C599D6 /* ASIAuthenticationDialog.m */ = {isa = PBXFileReference; fileEncoding = 4; lastKnownFileType = sourcecode.c.objc; path = ASIAuthenticationDialog.m; sourceTree = "<group>"; };
		DB055BC813BDB26A00C599D6 /* ASICacheDelegate.h */ = {isa = PBXFileReference; fileEncoding = 4; lastKnownFileType = sourcecode.c.h; path = ASICacheDelegate.h; sourceTree = "<group>"; };
		DB055BC913BDB26A00C599D6 /* ASIDataCompressor.h */ = {isa = PBXFileReference; fileEncoding = 4; lastKnownFileType = sourcecode.c.h; path = ASIDataCompressor.h; sourceTree = "<group>"; };
		DB055BCA13BDB26A00C599D6 /* ASIDataCompressor.m */ = {isa = PBXFileReference; fileEncoding = 4; lastKnownFileType = sourcecode.c.objc; path = ASIDataCompressor.m; sourceTree = "<group>"; };
		DB055BCB13BDB26A00C599D6 /* ASIDataDecompressor.h */ = {isa = PBXFileReference; fileEncoding = 4; lastKnownFileType = sourcecode.c.h; path = ASIDataDecompressor.h; sourceTree = "<group>"; };
		DB055BCC13BDB26A00C599D6 /* ASIDataDecompressor.m */ = {isa = PBXFileReference; fileEncoding = 4; lastKnownFileType = sourcecode.c.objc; path = ASIDataDecompressor.m; sourceTree = "<group>"; };
		DB055BCD13BDB26A00C599D6 /* ASIDownloadCache.h */ = {isa = PBXFileReference; fileEncoding = 4; lastKnownFileType = sourcecode.c.h; path = ASIDownloadCache.h; sourceTree = "<group>"; };
		DB055BCE13BDB26A00C599D6 /* ASIDownloadCache.m */ = {isa = PBXFileReference; fileEncoding = 4; lastKnownFileType = sourcecode.c.objc; path = ASIDownloadCache.m; sourceTree = "<group>"; };
		DB055BCF13BDB26A00C599D6 /* ASIFormDataRequest.h */ = {isa = PBXFileReference; fileEncoding = 4; lastKnownFileType = sourcecode.c.h; path = ASIFormDataRequest.h; sourceTree = "<group>"; };
		DB055BD013BDB26A00C599D6 /* ASIFormDataRequest.m */ = {isa = PBXFileReference; fileEncoding = 4; lastKnownFileType = sourcecode.c.objc; path = ASIFormDataRequest.m; sourceTree = "<group>"; };
		DB055BD113BDB26A00C599D6 /* ASIHTTPRequest.h */ = {isa = PBXFileReference; fileEncoding = 4; lastKnownFileType = sourcecode.c.h; path = ASIHTTPRequest.h; sourceTree = "<group>"; };
		DB055BD213BDB26A00C599D6 /* ASIHTTPRequest.m */ = {isa = PBXFileReference; fileEncoding = 4; lastKnownFileType = sourcecode.c.objc; path = ASIHTTPRequest.m; sourceTree = "<group>"; };
		DB055BD313BDB26A00C599D6 /* ASIHTTPRequestConfig.h */ = {isa = PBXFileReference; fileEncoding = 4; lastKnownFileType = sourcecode.c.h; path = ASIHTTPRequestConfig.h; sourceTree = "<group>"; };
		DB055BD413BDB26A00C599D6 /* ASIHTTPRequestDelegate.h */ = {isa = PBXFileReference; fileEncoding = 4; lastKnownFileType = sourcecode.c.h; path = ASIHTTPRequestDelegate.h; sourceTree = "<group>"; };
		DB055BD513BDB26A00C599D6 /* ASIInputStream.h */ = {isa = PBXFileReference; fileEncoding = 4; lastKnownFileType = sourcecode.c.h; path = ASIInputStream.h; sourceTree = "<group>"; };
		DB055BD613BDB26A00C599D6 /* ASIInputStream.m */ = {isa = PBXFileReference; fileEncoding = 4; lastKnownFileType = sourcecode.c.objc; path = ASIInputStream.m; sourceTree = "<group>"; };
		DB055BD713BDB26A00C599D6 /* ASINetworkQueue.h */ = {isa = PBXFileReference; fileEncoding = 4; lastKnownFileType = sourcecode.c.h; path = ASINetworkQueue.h; sourceTree = "<group>"; };
		DB055BD813BDB26A00C599D6 /* ASINetworkQueue.m */ = {isa = PBXFileReference; fileEncoding = 4; lastKnownFileType = sourcecode.c.objc; path = ASINetworkQueue.m; sourceTree = "<group>"; };
		DB055BD913BDB26A00C599D6 /* ASIProgressDelegate.h */ = {isa = PBXFileReference; fileEncoding = 4; lastKnownFileType = sourcecode.c.h; path = ASIProgressDelegate.h; sourceTree = "<group>"; };
		DB055BDA13BDB26A00C599D6 /* ASIWebPageRequest */ = {isa = PBXFileReference; lastKnownFileType = folder; path = ASIWebPageRequest; sourceTree = "<group>"; };
		DB055BDB13BDB26A00C599D6 /* CloudFiles */ = {isa = PBXFileReference; lastKnownFileType = folder; path = CloudFiles; sourceTree = "<group>"; };
		DB055BDC13BDB26A00C599D6 /* S3 */ = {isa = PBXFileReference; lastKnownFileType = folder; path = S3; sourceTree = "<group>"; };
		DB055BE813BDB27500C599D6 /* Reachability.h */ = {isa = PBXFileReference; fileEncoding = 4; lastKnownFileType = sourcecode.c.h; path = Reachability.h; sourceTree = "<group>"; };
		DB055BE913BDB27500C599D6 /* Reachability.m */ = {isa = PBXFileReference; fileEncoding = 4; lastKnownFileType = sourcecode.c.objc; path = Reachability.m; sourceTree = "<group>"; };
		DB055BF713BDB2B500C599D6 /* MobileCoreServices.framework */ = {isa = PBXFileReference; lastKnownFileType = wrapper.framework; name = MobileCoreServices.framework; path = System/Library/Frameworks/MobileCoreServices.framework; sourceTree = SDKROOT; };
		DB055BF913BDB2BA00C599D6 /* SystemConfiguration.framework */ = {isa = PBXFileReference; lastKnownFileType = wrapper.framework; name = SystemConfiguration.framework; path = System/Library/Frameworks/SystemConfiguration.framework; sourceTree = SDKROOT; };
		DB14E55F13B1CD7B0030E84F /* VeloAntwerpen.app */ = {isa = PBXFileReference; explicitFileType = wrapper.application; includeInIndex = 0; path = VeloAntwerpen.app; sourceTree = BUILT_PRODUCTS_DIR; };
		DB14E56313B1CD7B0030E84F /* UIKit.framework */ = {isa = PBXFileReference; lastKnownFileType = wrapper.framework; name = UIKit.framework; path = System/Library/Frameworks/UIKit.framework; sourceTree = SDKROOT; };
		DB14E56513B1CD7B0030E84F /* Foundation.framework */ = {isa = PBXFileReference; lastKnownFileType = wrapper.framework; name = Foundation.framework; path = System/Library/Frameworks/Foundation.framework; sourceTree = SDKROOT; };
		DB14E56713B1CD7B0030E84F /* CoreGraphics.framework */ = {isa = PBXFileReference; lastKnownFileType = wrapper.framework; name = CoreGraphics.framework; path = System/Library/Frameworks/CoreGraphics.framework; sourceTree = SDKROOT; };
		DB14E56B13B1CD7B0030E84F /* VeloAntwerpen-Info.plist */ = {isa = PBXFileReference; lastKnownFileType = text.plist.xml; path = "VeloAntwerpen-Info.plist"; sourceTree = "<group>"; };
		DB14E56D13B1CD7B0030E84F /* en */ = {isa = PBXFileReference; lastKnownFileType = text.plist.strings; name = en; path = en.lproj/InfoPlist.strings; sourceTree = "<group>"; };
		DB14E56F13B1CD7B0030E84F /* VeloAntwerpen-Prefix.pch */ = {isa = PBXFileReference; lastKnownFileType = sourcecode.c.h; path = "VeloAntwerpen-Prefix.pch"; sourceTree = "<group>"; };
		DB14E57013B1CD7B0030E84F /* main.m */ = {isa = PBXFileReference; lastKnownFileType = sourcecode.c.objc; path = main.m; sourceTree = "<group>"; };
		DB14E57213B1CD7B0030E84F /* VeloAntwerpenAppDelegate.h */ = {isa = PBXFileReference; lastKnownFileType = sourcecode.c.h; path = VeloAntwerpenAppDelegate.h; sourceTree = "<group>"; };
		DB14E57313B1CD7B0030E84F /* VeloAntwerpenAppDelegate.mm */ = {isa = PBXFileReference; lastKnownFileType = sourcecode.cpp.objcpp; path = VeloAntwerpenAppDelegate.mm; sourceTree = "<group>"; };
		DB14E57813B1CD7B0030E84F /* MapViewController.h */ = {isa = PBXFileReference; lastKnownFileType = sourcecode.c.h; path = MapViewController.h; sourceTree = "<group>"; };
		DB14E57913B1CD7B0030E84F /* MapViewController.m */ = {isa = PBXFileReference; lastKnownFileType = sourcecode.c.objc; path = MapViewController.m; sourceTree = "<group>"; };
		DB14E57B13B1CD7B0030E84F /* ListViewController.h */ = {isa = PBXFileReference; lastKnownFileType = sourcecode.c.h; path = ListViewController.h; sourceTree = "<group>"; };
		DB14E57C13B1CD7B0030E84F /* ListViewController.m */ = {isa = PBXFileReference; lastKnownFileType = sourcecode.c.objc; path = ListViewController.m; sourceTree = "<group>"; };
		DB14E58913B1CE6B0030E84F /* MapKit.framework */ = {isa = PBXFileReference; lastKnownFileType = wrapper.framework; name = MapKit.framework; path = System/Library/Frameworks/MapKit.framework; sourceTree = SDKROOT; };
		DB14E58C13B1CF610030E84F /* deflate.c */ = {isa = PBXFileReference; fileEncoding = 4; lastKnownFileType = sourcecode.c.c; path = deflate.c; sourceTree = "<group>"; };
		DB14E58D13B1CF610030E84F /* deflate.h */ = {isa = PBXFileReference; fileEncoding = 4; lastKnownFileType = sourcecode.c.h; path = deflate.h; sourceTree = "<group>"; };
		DB14E58E13B1CF610030E84F /* tinystr.cpp */ = {isa = PBXFileReference; fileEncoding = 4; lastKnownFileType = sourcecode.cpp.cpp; path = tinystr.cpp; sourceTree = "<group>"; };
		DB14E58F13B1CF610030E84F /* tinystr.h */ = {isa = PBXFileReference; fileEncoding = 4; lastKnownFileType = sourcecode.c.h; path = tinystr.h; sourceTree = "<group>"; };
		DB14E59013B1CF610030E84F /* tinyxml.cpp */ = {isa = PBXFileReference; fileEncoding = 4; lastKnownFileType = sourcecode.cpp.cpp; path = tinyxml.cpp; sourceTree = "<group>"; };
		DB14E59113B1CF610030E84F /* tinyxml.h */ = {isa = PBXFileReference; fileEncoding = 4; lastKnownFileType = sourcecode.c.h; path = tinyxml.h; sourceTree = "<group>"; };
		DB14E59213B1CF610030E84F /* tinyxmlerror.cpp */ = {isa = PBXFileReference; fileEncoding = 4; lastKnownFileType = sourcecode.cpp.cpp; path = tinyxmlerror.cpp; sourceTree = "<group>"; };
		DB14E59313B1CF610030E84F /* tinyxmlparser.cpp */ = {isa = PBXFileReference; fileEncoding = 4; lastKnownFileType = sourcecode.cpp.cpp; path = tinyxmlparser.cpp; sourceTree = "<group>"; };
		DB14E59413B1CF610030E84F /* trees.c */ = {isa = PBXFileReference; fileEncoding = 4; lastKnownFileType = sourcecode.c.c; path = trees.c; sourceTree = "<group>"; };
		DB14E59513B1CF610030E84F /* trees.h */ = {isa = PBXFileReference; fileEncoding = 4; lastKnownFileType = sourcecode.c.h; path = trees.h; sourceTree = "<group>"; };
		DB14E59613B1CF610030E84F /* zutil.c */ = {isa = PBXFileReference; fileEncoding = 4; lastKnownFileType = sourcecode.c.c; path = zutil.c; sourceTree = "<group>"; };
		DB14E59713B1CF610030E84F /* zutil.h */ = {isa = PBXFileReference; fileEncoding = 4; lastKnownFileType = sourcecode.c.h; path = zutil.h; sourceTree = "<group>"; };
		DB14E59F13B1CFDE0030E84F /* libz.1.1.3.dylib */ = {isa = PBXFileReference; lastKnownFileType = "compiled.mach-o.dylib"; name = libz.1.1.3.dylib; path = usr/lib/libz.1.1.3.dylib; sourceTree = SDKROOT; };
		DB14E5A113B1D3B30030E84F /* StationAnnotation.h */ = {isa = PBXFileReference; fileEncoding = 4; lastKnownFileType = sourcecode.c.h; path = StationAnnotation.h; sourceTree = "<group>"; };
		DB14E5A213B1D3B30030E84F /* StationAnnotation.m */ = {isa = PBXFileReference; fileEncoding = 4; lastKnownFileType = sourcecode.c.objc; path = StationAnnotation.m; sourceTree = "<group>"; };
		DB19B04B13B28C770060C98F /* Default.png */ = {isa = PBXFileReference; lastKnownFileType = image.png; path = Default.png; sourceTree = "<group>"; };
		DB239C7313BD1429006E0D3E /* GANTracker.h */ = {isa = PBXFileReference; fileEncoding = 4; lastKnownFileType = sourcecode.c.h; path = GANTracker.h; sourceTree = "<group>"; };
		DB239C7413BD1429006E0D3E /* libGoogleAnalytics.a */ = {isa = PBXFileReference; lastKnownFileType = archive.ar; path = libGoogleAnalytics.a; sourceTree = "<group>"; };
		DB239C7613BD17DF006E0D3E /* libsqlite3.0.dylib */ = {isa = PBXFileReference; lastKnownFileType = "compiled.mach-o.dylib"; name = libsqlite3.0.dylib; path = usr/lib/libsqlite3.0.dylib; sourceTree = SDKROOT; };
		DB239C7813BD17E4006E0D3E /* CFNetwork.framework */ = {isa = PBXFileReference; lastKnownFileType = wrapper.framework; name = CFNetwork.framework; path = System/Library/Frameworks/CFNetwork.framework; sourceTree = SDKROOT; };
		DB239C7A13BD1F10006E0D3E /* cache */ = {isa = PBXFileReference; lastKnownFileType = folder; path = cache; sourceTree = "<group>"; };
		DB50425B13B1D7B000E869A3 /* list.png */ = {isa = PBXFileReference; lastKnownFileType = image.png; path = list.png; sourceTree = "<group>"; };
		DB50425E13B1D7C600E869A3 /* navicon.png */ = {isa = PBXFileReference; lastKnownFileType = image.png; path = navicon.png; sourceTree = "<group>"; };
		DB50426013B1D80300E869A3 /* 103-map.png */ = {isa = PBXFileReference; lastKnownFileType = image.png; path = "103-map.png"; sourceTree = "<group>"; };
		DB50426113B1D80300E869A3 /* 103-map@2x.png */ = {isa = PBXFileReference; lastKnownFileType = image.png; path = "103-map@2x.png"; sourceTree = "<group>"; };
		DB50426413B1D83800E869A3 /* navicon@2x.png */ = {isa = PBXFileReference; lastKnownFileType = image.png; path = "navicon@2x.png"; sourceTree = "<group>"; };
		DB50426913B218D500E869A3 /* StationDetailViewController.h */ = {isa = PBXFileReference; fileEncoding = 4; lastKnownFileType = sourcecode.c.h; path = StationDetailViewController.h; sourceTree = "<group>"; };
		DB50426A13B218D500E869A3 /* StationDetailViewController.m */ = {isa = PBXFileReference; fileEncoding = 4; lastKnownFileType = sourcecode.c.objc; path = StationDetailViewController.m; sourceTree = "<group>"; };
		DB50426B13B218D500E869A3 /* StationDetailView.xib */ = {isa = PBXFileReference; fileEncoding = 4; lastKnownFileType = file.xib; path = StationDetailView.xib; sourceTree = "<group>"; };
		DB50426F13B21AAC00E869A3 /* Station.h */ = {isa = PBXFileReference; fileEncoding = 4; lastKnownFileType = sourcecode.c.h; path = Station.h; sourceTree = "<group>"; };
		DB50427013B21AAC00E869A3 /* Station.m */ = {isa = PBXFileReference; fileEncoding = 4; lastKnownFileType = sourcecode.c.objc; path = Station.m; sourceTree = "<group>"; };
		DB50427213B21C4B00E869A3 /* Keys.h */ = {isa = PBXFileReference; fileEncoding = 4; lastKnownFileType = sourcecode.c.h; path = Keys.h; sourceTree = "<group>"; };
		DB50427313B220A600E869A3 /* CoreLocation.framework */ = {isa = PBXFileReference; lastKnownFileType = wrapper.framework; name = CoreLocation.framework; path = System/Library/Frameworks/CoreLocation.framework; sourceTree = SDKROOT; };
		DB50427513B2388800E869A3 /* icon.png */ = {isa = PBXFileReference; lastKnownFileType = image.png; path = icon.png; sourceTree = "<group>"; };
		DB5CF40513B47EBA00291E0E /* en */ = {isa = PBXFileReference; lastKnownFileType = text.plist.strings; name = en; path = en.lproj/Localizable.strings; sourceTree = "<group>"; };
		DB5CF40913B47ED400291E0E /* ListView.xib */ = {isa = PBXFileReference; lastKnownFileType = file.xib; path = ListView.xib; sourceTree = "<group>"; };
		DB5CF40B13B47EEC00291E0E /* MapView.xib */ = {isa = PBXFileReference; lastKnownFileType = file.xib; path = MapView.xib; sourceTree = "<group>"; };
		DB5CF40D13B47EF800291E0E /* MainWindow.xib */ = {isa = PBXFileReference; lastKnownFileType = file.xib; path = MainWindow.xib; sourceTree = "<group>"; };
		DB5CF40E13B47F1F00291E0E /* nl */ = {isa = PBXFileReference; lastKnownFileType = text.plist.strings; name = nl; path = nl.lproj/Localizable.strings; sourceTree = "<group>"; };
		DB7EFD0513B32535007D3BD6 /* 08-chat.png */ = {isa = PBXFileReference; lastKnownFileType = image.png; path = "08-chat.png"; sourceTree = "<group>"; };
		DB7EFD0613B32535007D3BD6 /* 08-chat@2x.png */ = {isa = PBXFileReference; lastKnownFileType = image.png; path = "08-chat@2x.png"; sourceTree = "<group>"; };
		DB7EFD0B13B32572007D3BD6 /* ContactViewController.h */ = {isa = PBXFileReference; fileEncoding = 4; lastKnownFileType = sourcecode.c.h; path = ContactViewController.h; sourceTree = "<group>"; };
		DB7EFD0C13B32572007D3BD6 /* ContactViewController.m */ = {isa = PBXFileReference; fileEncoding = 4; lastKnownFileType = sourcecode.c.objc; path = ContactViewController.m; sourceTree = "<group>"; };
		DB7EFD0D13B32572007D3BD6 /* ContactView.xib */ = {isa = PBXFileReference; fileEncoding = 4; lastKnownFileType = file.xib; path = ContactView.xib; sourceTree = "<group>"; };
		DB7EFD1013B327B5007D3BD6 /* ReportIssueViewController.h */ = {isa = PBXFileReference; fileEncoding = 4; lastKnownFileType = sourcecode.c.h; path = ReportIssueViewController.h; sourceTree = "<group>"; };
		DB7EFD1113B327B5007D3BD6 /* ReportIssueViewController.m */ = {isa = PBXFileReference; fileEncoding = 4; lastKnownFileType = sourcecode.c.objc; path = ReportIssueViewController.m; sourceTree = "<group>"; };
		DB7EFD1213B327B5007D3BD6 /* ReportIssueView.xib */ = {isa = PBXFileReference; fileEncoding = 4; lastKnownFileType = file.xib; path = ReportIssueView.xib; sourceTree = "<group>"; };
		DB7EFD1513B329E0007D3BD6 /* WEPopoverContainerView.h */ = {isa = PBXFileReference; fileEncoding = 4; lastKnownFileType = sourcecode.c.h; path = WEPopoverContainerView.h; sourceTree = "<group>"; };
		DB7EFD1613B329E0007D3BD6 /* WEPopoverContainerView.m */ = {isa = PBXFileReference; fileEncoding = 4; lastKnownFileType = sourcecode.c.objc; path = WEPopoverContainerView.m; sourceTree = "<group>"; };
		DB7EFD1713B329E0007D3BD6 /* WEPopoverController.h */ = {isa = PBXFileReference; fileEncoding = 4; lastKnownFileType = sourcecode.c.h; path = WEPopoverController.h; sourceTree = "<group>"; };
		DB7EFD1813B329E0007D3BD6 /* WEPopoverController.m */ = {isa = PBXFileReference; fileEncoding = 4; lastKnownFileType = sourcecode.c.objc; path = WEPopoverController.m; sourceTree = "<group>"; };
		DB7EFD1913B329E0007D3BD6 /* WEPopoverParentView.h */ = {isa = PBXFileReference; fileEncoding = 4; lastKnownFileType = sourcecode.c.h; path = WEPopoverParentView.h; sourceTree = "<group>"; };
		DB7EFD1D13B329F7007D3BD6 /* popoverArrowDown.png */ = {isa = PBXFileReference; lastKnownFileType = image.png; path = popoverArrowDown.png; sourceTree = "<group>"; };
		DB7EFD1E13B329F7007D3BD6 /* popoverArrowLeft.png */ = {isa = PBXFileReference; lastKnownFileType = image.png; path = popoverArrowLeft.png; sourceTree = "<group>"; };
		DB7EFD1F13B329F7007D3BD6 /* popoverArrowRight.png */ = {isa = PBXFileReference; lastKnownFileType = image.png; path = popoverArrowRight.png; sourceTree = "<group>"; };
		DB7EFD2013B329F7007D3BD6 /* popoverArrowUp.png */ = {isa = PBXFileReference; lastKnownFileType = image.png; path = popoverArrowUp.png; sourceTree = "<group>"; };
		DB7EFD2113B329F7007D3BD6 /* popoverBg.png */ = {isa = PBXFileReference; lastKnownFileType = image.png; path = popoverBg.png; sourceTree = "<group>"; };
		DB7EFD2213B329F7007D3BD6 /* popoverBgSmall.png */ = {isa = PBXFileReference; lastKnownFileType = image.png; path = popoverBgSmall.png; sourceTree = "<group>"; };
		DB7EFD2A13B32ACF007D3BD6 /* TextFieldViewController.h */ = {isa = PBXFileReference; fileEncoding = 4; lastKnownFileType = sourcecode.c.h; path = TextFieldViewController.h; sourceTree = "<group>"; };
		DB7EFD2B13B32ACF007D3BD6 /* TextFieldViewController.m */ = {isa = PBXFileReference; fileEncoding = 4; lastKnownFileType = sourcecode.c.objc; path = TextFieldViewController.m; sourceTree = "<group>"; };
		DB7EFD2C13B32ACF007D3BD6 /* TextFieldView.xib */ = {isa = PBXFileReference; fileEncoding = 4; lastKnownFileType = file.xib; path = TextFieldView.xib; sourceTree = "<group>"; };
		DB7EFD2F13B3466D007D3BD6 /* TextViewViewController.h */ = {isa = PBXFileReference; fileEncoding = 4; lastKnownFileType = sourcecode.c.h; path = TextViewViewController.h; sourceTree = "<group>"; };
		DB7EFD3013B3466D007D3BD6 /* TextViewViewController.m */ = {isa = PBXFileReference; fileEncoding = 4; lastKnownFileType = sourcecode.c.objc; path = TextViewViewController.m; sourceTree = "<group>"; };
		DB7EFD3113B3466D007D3BD6 /* TextViewView.xib */ = {isa = PBXFileReference; fileEncoding = 4; lastKnownFileType = file.xib; path = TextViewView.xib; sourceTree = "<group>"; };
		DB97164213C09EA6004CEC17 /* NSData+Base64.h */ = {isa = PBXFileReference; fileEncoding = 4; lastKnownFileType = sourcecode.c.h; path = "NSData+Base64.h"; sourceTree = "<group>"; };
		DB97164313C09EA6004CEC17 /* NSData+Base64.m */ = {isa = PBXFileReference; fileEncoding = 4; lastKnownFileType = sourcecode.c.objc; path = "NSData+Base64.m"; sourceTree = "<group>"; };
		DB97164613C0A096004CEC17 /* sort.png */ = {isa = PBXFileReference; lastKnownFileType = image.png; path = sort.png; sourceTree = "<group>"; };
		DB97164813C0A196004CEC17 /* sort@2x.png */ = {isa = PBXFileReference; lastKnownFileType = image.png; path = "sort@2x.png"; sourceTree = "<group>"; };
		DB97169413C1B4CD004CEC17 /* Default@2x.png */ = {isa = PBXFileReference; lastKnownFileType = image.png; path = "Default@2x.png"; sourceTree = "<group>"; };
		DBA13A3D13B5CC81001BFFA5 /* TextFieldViewController2.h */ = {isa = PBXFileReference; fileEncoding = 4; lastKnownFileType = sourcecode.c.h; path = TextFieldViewController2.h; sourceTree = "<group>"; };
		DBA13A3E13B5CC81001BFFA5 /* TextFieldViewController2.m */ = {isa = PBXFileReference; fileEncoding = 4; lastKnownFileType = sourcecode.c.objc; path = TextFieldViewController2.m; sourceTree = "<group>"; };
		DBA13A3F13B5CC81001BFFA5 /* TextFieldView2.xib */ = {isa = PBXFileReference; fileEncoding = 4; lastKnownFileType = file.xib; path = TextFieldView2.xib; sourceTree = "<group>"; };
		DBA13A4213B5CD04001BFFA5 /* ReportBackViewController.h */ = {isa = PBXFileReference; fileEncoding = 4; lastKnownFileType = sourcecode.c.h; path = ReportBackViewController.h; sourceTree = "<group>"; };
		DBA13A4313B5CD04001BFFA5 /* ReportBackViewController.m */ = {isa = PBXFileReference; fileEncoding = 4; lastKnownFileType = sourcecode.c.objc; path = ReportBackViewController.m; sourceTree = "<group>"; };
		DBA13A4513B5CDB0001BFFA5 /* CategoryViewController.h */ = {isa = PBXFileReference; fileEncoding = 4; lastKnownFileType = sourcecode.c.h; path = CategoryViewController.h; sourceTree = "<group>"; };
		DBA13A4613B5CDB0001BFFA5 /* CategoryViewController.m */ = {isa = PBXFileReference; fileEncoding = 4; lastKnownFileType = sourcecode.c.objc; path = CategoryViewController.m; sourceTree = "<group>"; };
		DBA13A4713B5CDB0001BFFA5 /* CategoryView.xib */ = {isa = PBXFileReference; fileEncoding = 4; lastKnownFileType = file.xib; path = CategoryView.xib; sourceTree = "<group>"; };
		DBA13A4A13B5CEC7001BFFA5 /* TextViewViewController2.h */ = {isa = PBXFileReference; fileEncoding = 4; lastKnownFileType = sourcecode.c.h; path = TextViewViewController2.h; sourceTree = "<group>"; };
		DBA13A4B13B5CEC7001BFFA5 /* TextViewViewController2.m */ = {isa = PBXFileReference; fileEncoding = 4; lastKnownFileType = sourcecode.c.objc; path = TextViewViewController2.m; sourceTree = "<group>"; };
		DBA13A4C13B5CEC7001BFFA5 /* TextViewView2.xib */ = {isa = PBXFileReference; fileEncoding = 4; lastKnownFileType = file.xib; path = TextViewView2.xib; sourceTree = "<group>"; };
		DBA13A4F13B603C0001BFFA5 /* velo_logo.png */ = {isa = PBXFileReference; lastKnownFileType = image.png; path = velo_logo.png; sourceTree = "<group>"; };
		DBBEF43113BDE2B900D40B49 /* icon@2x.png */ = {isa = PBXFileReference; lastKnownFileType = image.png; path = "icon@2x.png"; sourceTree = "<group>"; };
		DBBEF43313BDE3FB00D40B49 /* logo.png */ = {isa = PBXFileReference; lastKnownFileType = image.png; path = logo.png; sourceTree = "<group>"; };
		DBBEF43413BDE3FB00D40B49 /* logo@2x.png */ = {isa = PBXFileReference; lastKnownFileType = image.png; path = "logo@2x.png"; sourceTree = "<group>"; };
		DBDD432A13B3D35D001B3E7C /* SmallActivityIndicator.h */ = {isa = PBXFileReference; fileEncoding = 4; lastKnownFileType = sourcecode.c.h; path = SmallActivityIndicator.h; sourceTree = "<group>"; };
		DBDD432B13B3D35D001B3E7C /* SmallActivityIndicator.m */ = {isa = PBXFileReference; fileEncoding = 4; lastKnownFileType = sourcecode.c.objc; path = SmallActivityIndicator.m; sourceTree = "<group>"; };
		DBDD432D13B4786C001B3E7C /* AsyncImageView.h */ = {isa = PBXFileReference; fileEncoding = 4; lastKnownFileType = sourcecode.c.h; path = AsyncImageView.h; sourceTree = "<group>"; };
		DBDD432E13B4786C001B3E7C /* AsyncImageView.m */ = {isa = PBXFileReference; fileEncoding = 4; lastKnownFileType = sourcecode.c.objc; path = AsyncImageView.m; sourceTree = "<group>"; };
		DBDD433013B4792D001B3E7C /* icon45_map.gif */ = {isa = PBXFileReference; lastKnownFileType = image.gif; path = icon45_map.gif; sourceTree = "<group>"; };
		DBF233EC13B7BBE000569798 /* Entitlements.plist */ = {isa = PBXFileReference; fileEncoding = 4; lastKnownFileType = text.plist.xml; path = Entitlements.plist; sourceTree = "<group>"; };
/* End PBXFileReference section */

/* Begin PBXFrameworksBuildPhase section */
		DB14E55C13B1CD7B0030E84F /* Frameworks */ = {
			isa = PBXFrameworksBuildPhase;
			buildActionMask = 2147483647;
			files = (
				DB055BFA13BDB2BA00C599D6 /* SystemConfiguration.framework in Frameworks */,
				DB055BF813BDB2B500C599D6 /* MobileCoreServices.framework in Frameworks */,
				DB239C7913BD17E4006E0D3E /* CFNetwork.framework in Frameworks */,
				DB239C7713BD17DF006E0D3E /* libsqlite3.0.dylib in Frameworks */,
				DB50427413B220A600E869A3 /* CoreLocation.framework in Frameworks */,
				DB14E5A013B1CFDE0030E84F /* libz.1.1.3.dylib in Frameworks */,
				DB14E58A13B1CE6B0030E84F /* MapKit.framework in Frameworks */,
				DB14E56413B1CD7B0030E84F /* UIKit.framework in Frameworks */,
				DB14E56613B1CD7B0030E84F /* Foundation.framework in Frameworks */,
				DB14E56813B1CD7B0030E84F /* CoreGraphics.framework in Frameworks */,
				DB239C7513BD1429006E0D3E /* libGoogleAnalytics.a in Frameworks */,
			);
			runOnlyForDeploymentPostprocessing = 0;
		};
/* End PBXFrameworksBuildPhase section */

/* Begin PBXGroup section */
		DB055BC413BDB25900C599D6 /* ASIHHTP */ = {
			isa = PBXGroup;
			children = (
				DB055BE813BDB27500C599D6 /* Reachability.h */,
				DB055BE913BDB27500C599D6 /* Reachability.m */,
				DB055BC613BDB26A00C599D6 /* ASIAuthenticationDialog.h */,
				DB055BC713BDB26A00C599D6 /* ASIAuthenticationDialog.m */,
				DB055BC813BDB26A00C599D6 /* ASICacheDelegate.h */,
				DB055BC913BDB26A00C599D6 /* ASIDataCompressor.h */,
				DB055BCA13BDB26A00C599D6 /* ASIDataCompressor.m */,
				DB055BCB13BDB26A00C599D6 /* ASIDataDecompressor.h */,
				DB055BCC13BDB26A00C599D6 /* ASIDataDecompressor.m */,
				DB055BCD13BDB26A00C599D6 /* ASIDownloadCache.h */,
				DB055BCE13BDB26A00C599D6 /* ASIDownloadCache.m */,
				DB055BCF13BDB26A00C599D6 /* ASIFormDataRequest.h */,
				DB055BD013BDB26A00C599D6 /* ASIFormDataRequest.m */,
				DB055BD113BDB26A00C599D6 /* ASIHTTPRequest.h */,
				DB055BD213BDB26A00C599D6 /* ASIHTTPRequest.m */,
				DB055BD313BDB26A00C599D6 /* ASIHTTPRequestConfig.h */,
				DB055BD413BDB26A00C599D6 /* ASIHTTPRequestDelegate.h */,
				DB055BD513BDB26A00C599D6 /* ASIInputStream.h */,
				DB055BD613BDB26A00C599D6 /* ASIInputStream.m */,
				DB055BD713BDB26A00C599D6 /* ASINetworkQueue.h */,
				DB055BD813BDB26A00C599D6 /* ASINetworkQueue.m */,
				DB055BD913BDB26A00C599D6 /* ASIProgressDelegate.h */,
				DB055BDA13BDB26A00C599D6 /* ASIWebPageRequest */,
				DB055BDB13BDB26A00C599D6 /* CloudFiles */,
				DB055BDC13BDB26A00C599D6 /* S3 */,
			);
			name = ASIHHTP;
			sourceTree = "<group>";
		};
		DB14E55413B1CD7B0030E84F = {
			isa = PBXGroup;
			children = (
				DB055BF913BDB2BA00C599D6 /* SystemConfiguration.framework */,
				DB055BF713BDB2B500C599D6 /* MobileCoreServices.framework */,
				DB239C7813BD17E4006E0D3E /* CFNetwork.framework */,
				DB239C7613BD17DF006E0D3E /* libsqlite3.0.dylib */,
				DB50427313B220A600E869A3 /* CoreLocation.framework */,
				DB14E59F13B1CFDE0030E84F /* libz.1.1.3.dylib */,
				DB14E56913B1CD7B0030E84F /* VeloAntwerpen */,
				DB14E56213B1CD7B0030E84F /* Frameworks */,
				DB14E56013B1CD7B0030E84F /* Products */,
			);
			sourceTree = "<group>";
		};
		DB14E56013B1CD7B0030E84F /* Products */ = {
			isa = PBXGroup;
			children = (
				DB14E55F13B1CD7B0030E84F /* VeloAntwerpen.app */,
			);
			name = Products;
			sourceTree = "<group>";
		};
		DB14E56213B1CD7B0030E84F /* Frameworks */ = {
			isa = PBXGroup;
			children = (
				DB14E58913B1CE6B0030E84F /* MapKit.framework */,
				DB14E56313B1CD7B0030E84F /* UIKit.framework */,
				DB14E56513B1CD7B0030E84F /* Foundation.framework */,
				DB14E56713B1CD7B0030E84F /* CoreGraphics.framework */,
			);
			name = Frameworks;
			sourceTree = "<group>";
		};
		DB14E56913B1CD7B0030E84F /* VeloAntwerpen */ = {
			isa = PBXGroup;
			children = (
				DB055BC413BDB25900C599D6 /* ASIHHTP */,
				DB239C7113BD1418006E0D3E /* Google Analytics */,
				DB7EFD0A13B3255D007D3BD6 /* Contact */,
				DB50426E13B21A9900E869A3 /* Model */,
				DB50426813B218A200E869A3 /* List */,
				DB50426713B2189C00E869A3 /* Map */,
				DB50426613B2188F00E869A3 /* Utils */,
				DB14E57213B1CD7B0030E84F /* VeloAntwerpenAppDelegate.h */,
				DB14E57313B1CD7B0030E84F /* VeloAntwerpenAppDelegate.mm */,
				DB50427213B21C4B00E869A3 /* Keys.h */,
				DB5CF40D13B47EF800291E0E /* MainWindow.xib */,
				DB14E56A13B1CD7B0030E84F /* Supporting Files */,
			);
			path = VeloAntwerpen;
			sourceTree = "<group>";
		};
		DB14E56A13B1CD7B0030E84F /* Supporting Files */ = {
			isa = PBXGroup;
			children = (
				DBBEF43313BDE3FB00D40B49 /* logo.png */,
				DBBEF43413BDE3FB00D40B49 /* logo@2x.png */,
				DB239C7A13BD1F10006E0D3E /* cache */,
				DB5CF40413B47EBA00291E0E /* Localizable.strings */,
				DBDD433013B4792D001B3E7C /* icon45_map.gif */,
				DB7EFD0513B32535007D3BD6 /* 08-chat.png */,
				DB97164613C0A096004CEC17 /* sort.png */,
				DB97164813C0A196004CEC17 /* sort@2x.png */,
				DBA13A4F13B603C0001BFFA5 /* velo_logo.png */,
				DB7EFD0613B32535007D3BD6 /* 08-chat@2x.png */,
				DB19B04B13B28C770060C98F /* Default.png */,
				DB97169413C1B4CD004CEC17 /* Default@2x.png */,
				DB50427513B2388800E869A3 /* icon.png */,
				DBBEF43113BDE2B900D40B49 /* icon@2x.png */,
				DB50426413B1D83800E869A3 /* navicon@2x.png */,
				DB50426013B1D80300E869A3 /* 103-map.png */,
				DB50426113B1D80300E869A3 /* 103-map@2x.png */,
				9844B3EC13B9F42F00619BCA /* map.png */,
				DB50425E13B1D7C600E869A3 /* navicon.png */,
				DB50425B13B1D7B000E869A3 /* list.png */,
				DB14E56B13B1CD7B0030E84F /* VeloAntwerpen-Info.plist */,
				DB14E56C13B1CD7B0030E84F /* InfoPlist.strings */,
				DB14E56F13B1CD7B0030E84F /* VeloAntwerpen-Prefix.pch */,
				DB14E57013B1CD7B0030E84F /* main.m */,
				DBF233EC13B7BBE000569798 /* Entitlements.plist */,
			);
			name = "Supporting Files";
			sourceTree = "<group>";
		};
		DB14E58B13B1CF610030E84F /* TinyXML */ = {
			isa = PBXGroup;
			children = (
				DB14E58C13B1CF610030E84F /* deflate.c */,
				DB14E58D13B1CF610030E84F /* deflate.h */,
				DB14E58E13B1CF610030E84F /* tinystr.cpp */,
				DB14E58F13B1CF610030E84F /* tinystr.h */,
				DB14E59013B1CF610030E84F /* tinyxml.cpp */,
				DB14E59113B1CF610030E84F /* tinyxml.h */,
				DB14E59213B1CF610030E84F /* tinyxmlerror.cpp */,
				DB14E59313B1CF610030E84F /* tinyxmlparser.cpp */,
				DB14E59413B1CF610030E84F /* trees.c */,
				DB14E59513B1CF610030E84F /* trees.h */,
				DB14E59613B1CF610030E84F /* zutil.c */,
				DB14E59713B1CF610030E84F /* zutil.h */,
			);
			path = TinyXML;
			sourceTree = "<group>";
		};
		DB239C7113BD1418006E0D3E /* Google Analytics */ = {
			isa = PBXGroup;
			children = (
				DB239C7313BD1429006E0D3E /* GANTracker.h */,
				DB239C7413BD1429006E0D3E /* libGoogleAnalytics.a */,
			);
			name = "Google Analytics";
			sourceTree = "<group>";
		};
		DB50426613B2188F00E869A3 /* Utils */ = {
			isa = PBXGroup;
			children = (
				DB97164213C09EA6004CEC17 /* NSData+Base64.h */,
				DB97164313C09EA6004CEC17 /* NSData+Base64.m */,
				DBDD432D13B4786C001B3E7C /* AsyncImageView.h */,
				DBDD432E13B4786C001B3E7C /* AsyncImageView.m */,
				DBDD432A13B3D35D001B3E7C /* SmallActivityIndicator.h */,
				DBDD432B13B3D35D001B3E7C /* SmallActivityIndicator.m */,
				DB7EFD1C13B329E5007D3BD6 /* Popover */,
				DB14E58B13B1CF610030E84F /* TinyXML */,
			);
			name = Utils;
			sourceTree = "<group>";
		};
		DB50426713B2189C00E869A3 /* Map */ = {
			isa = PBXGroup;
			children = (
				DB14E5A113B1D3B30030E84F /* StationAnnotation.h */,
				DB14E5A213B1D3B30030E84F /* StationAnnotation.m */,
				DB14E57813B1CD7B0030E84F /* MapViewController.h */,
				DB14E57913B1CD7B0030E84F /* MapViewController.m */,
				DB5CF40B13B47EEC00291E0E /* MapView.xib */,
				DB50426913B218D500E869A3 /* StationDetailViewController.h */,
				DB50426A13B218D500E869A3 /* StationDetailViewController.m */,
				DB50426B13B218D500E869A3 /* StationDetailView.xib */,
			);
			name = Map;
			sourceTree = "<group>";
		};
		DB50426813B218A200E869A3 /* List */ = {
			isa = PBXGroup;
			children = (
				DB14E57B13B1CD7B0030E84F /* ListViewController.h */,
				DB14E57C13B1CD7B0030E84F /* ListViewController.m */,
				DB5CF40913B47ED400291E0E /* ListView.xib */,
			);
			name = List;
			sourceTree = "<group>";
		};
		DB50426E13B21A9900E869A3 /* Model */ = {
			isa = PBXGroup;
			children = (
				DB50426F13B21AAC00E869A3 /* Station.h */,
				DB50427013B21AAC00E869A3 /* Station.m */,
			);
			name = Model;
			sourceTree = "<group>";
		};
		DB7EFD0A13B3255D007D3BD6 /* Contact */ = {
			isa = PBXGroup;
			children = (
				DBA13A3B13B5CC60001BFFA5 /* Method2 */,
				DB7EFD0B13B32572007D3BD6 /* ContactViewController.h */,
				DB7EFD0C13B32572007D3BD6 /* ContactViewController.m */,
				DB7EFD0D13B32572007D3BD6 /* ContactView.xib */,
				DB7EFD1013B327B5007D3BD6 /* ReportIssueViewController.h */,
				DB7EFD1113B327B5007D3BD6 /* ReportIssueViewController.m */,
				DB7EFD1213B327B5007D3BD6 /* ReportIssueView.xib */,
				DB7EFD2A13B32ACF007D3BD6 /* TextFieldViewController.h */,
				DB7EFD2B13B32ACF007D3BD6 /* TextFieldViewController.m */,
				DB7EFD2C13B32ACF007D3BD6 /* TextFieldView.xib */,
				DB7EFD2F13B3466D007D3BD6 /* TextViewViewController.h */,
				DB7EFD3013B3466D007D3BD6 /* TextViewViewController.m */,
				DB7EFD3113B3466D007D3BD6 /* TextViewView.xib */,
			);
			name = Contact;
			sourceTree = "<group>";
		};
		DB7EFD1C13B329E5007D3BD6 /* Popover */ = {
			isa = PBXGroup;
			children = (
				DB7EFD2913B329FB007D3BD6 /* Resources */,
				DB7EFD1513B329E0007D3BD6 /* WEPopoverContainerView.h */,
				DB7EFD1613B329E0007D3BD6 /* WEPopoverContainerView.m */,
				DB7EFD1713B329E0007D3BD6 /* WEPopoverController.h */,
				DB7EFD1813B329E0007D3BD6 /* WEPopoverController.m */,
				DB7EFD1913B329E0007D3BD6 /* WEPopoverParentView.h */,
			);
			name = Popover;
			sourceTree = "<group>";
		};
		DB7EFD2913B329FB007D3BD6 /* Resources */ = {
			isa = PBXGroup;
			children = (
				DB7EFD1D13B329F7007D3BD6 /* popoverArrowDown.png */,
				DB7EFD1E13B329F7007D3BD6 /* popoverArrowLeft.png */,
				DB7EFD1F13B329F7007D3BD6 /* popoverArrowRight.png */,
				DB7EFD2013B329F7007D3BD6 /* popoverArrowUp.png */,
				DB7EFD2113B329F7007D3BD6 /* popoverBg.png */,
				DB7EFD2213B329F7007D3BD6 /* popoverBgSmall.png */,
			);
			name = Resources;
			sourceTree = "<group>";
		};
		DBA13A3B13B5CC60001BFFA5 /* Method2 */ = {
			isa = PBXGroup;
			children = (
				DBA13A3D13B5CC81001BFFA5 /* TextFieldViewController2.h */,
				DBA13A3E13B5CC81001BFFA5 /* TextFieldViewController2.m */,
				DBA13A3F13B5CC81001BFFA5 /* TextFieldView2.xib */,
				DBA13A4213B5CD04001BFFA5 /* ReportBackViewController.h */,
				DBA13A4313B5CD04001BFFA5 /* ReportBackViewController.m */,
				DBA13A4513B5CDB0001BFFA5 /* CategoryViewController.h */,
				DBA13A4613B5CDB0001BFFA5 /* CategoryViewController.m */,
				DBA13A4713B5CDB0001BFFA5 /* CategoryView.xib */,
				DBA13A4A13B5CEC7001BFFA5 /* TextViewViewController2.h */,
				DBA13A4B13B5CEC7001BFFA5 /* TextViewViewController2.m */,
				DBA13A4C13B5CEC7001BFFA5 /* TextViewView2.xib */,
			);
			name = Method2;
			sourceTree = "<group>";
		};
/* End PBXGroup section */

/* Begin PBXNativeTarget section */
		DB14E55E13B1CD7B0030E84F /* VeloAntwerpen */ = {
			isa = PBXNativeTarget;
			buildConfigurationList = DB14E58613B1CD7B0030E84F /* Build configuration list for PBXNativeTarget "VeloAntwerpen" */;
			buildPhases = (
				DB14E55B13B1CD7B0030E84F /* Sources */,
				DB14E55C13B1CD7B0030E84F /* Frameworks */,
				DB14E55D13B1CD7B0030E84F /* Resources */,
			);
			buildRules = (
			);
			dependencies = (
			);
			name = VeloAntwerpen;
			productName = VeloAntwerpen;
			productReference = DB14E55F13B1CD7B0030E84F /* VeloAntwerpen.app */;
			productType = "com.apple.product-type.application";
		};
/* End PBXNativeTarget section */

/* Begin PBXProject section */
		DB14E55613B1CD7B0030E84F /* Project object */ = {
			isa = PBXProject;
			attributes = {
				LastUpgradeCheck = 0420;
				ORGANIZATIONNAME = "Netwalk VOF";
			};
			buildConfigurationList = DB14E55913B1CD7B0030E84F /* Build configuration list for PBXProject "VeloAntwerpen" */;
			compatibilityVersion = "Xcode 3.2";
			developmentRegion = English;
			hasScannedForEncodings = 0;
			knownRegions = (
				en,
				nl,
			);
			mainGroup = DB14E55413B1CD7B0030E84F;
			productRefGroup = DB14E56013B1CD7B0030E84F /* Products */;
			projectDirPath = "";
			projectRoot = "";
			targets = (
				DB14E55E13B1CD7B0030E84F /* VeloAntwerpen */,
			);
		};
/* End PBXProject section */

/* Begin PBXResourcesBuildPhase section */
		DB14E55D13B1CD7B0030E84F /* Resources */ = {
			isa = PBXResourcesBuildPhase;
			buildActionMask = 2147483647;
			files = (
				DB14E56E13B1CD7B0030E84F /* InfoPlist.strings in Resources */,
				DB5CF40C13B47EF800291E0E /* MainWindow.xib in Resources */,
				DB5CF40A13B47EEC00291E0E /* MapView.xib in Resources */,
				DB5CF40813B47ED400291E0E /* ListView.xib in Resources */,
				DB50425C13B1D7B000E869A3 /* list.png in Resources */,
				DB50425F13B1D7C600E869A3 /* navicon.png in Resources */,
				DB50426213B1D80300E869A3 /* 103-map.png in Resources */,
				DB50426313B1D80300E869A3 /* 103-map@2x.png in Resources */,
				DB50426513B1D83800E869A3 /* navicon@2x.png in Resources */,
				DB50426D13B218D500E869A3 /* StationDetailView.xib in Resources */,
				DB50427713B2388800E869A3 /* icon.png in Resources */,
				DB19B04C13B28C770060C98F /* Default.png in Resources */,
				DB7EFD0713B32535007D3BD6 /* 08-chat.png in Resources */,
				DB7EFD0813B32535007D3BD6 /* 08-chat@2x.png in Resources */,
				DB7EFD0F13B32572007D3BD6 /* ContactView.xib in Resources */,
				DB7EFD1413B327B5007D3BD6 /* ReportIssueView.xib in Resources */,
				DB7EFD2313B329F7007D3BD6 /* popoverArrowDown.png in Resources */,
				DB7EFD2413B329F7007D3BD6 /* popoverArrowLeft.png in Resources */,
				DB7EFD2513B329F7007D3BD6 /* popoverArrowRight.png in Resources */,
				DB7EFD2613B329F7007D3BD6 /* popoverArrowUp.png in Resources */,
				DB7EFD2713B329F7007D3BD6 /* popoverBg.png in Resources */,
				DB7EFD2813B329F7007D3BD6 /* popoverBgSmall.png in Resources */,
				DB7EFD2E13B32ACF007D3BD6 /* TextFieldView.xib in Resources */,
				DB7EFD3313B3466D007D3BD6 /* TextViewView.xib in Resources */,
				DBDD433113B4792D001B3E7C /* icon45_map.gif in Resources */,
				DB5CF40613B47EBA00291E0E /* Localizable.strings in Resources */,
				DBA13A4113B5CC81001BFFA5 /* TextFieldView2.xib in Resources */,
				DBA13A4913B5CDB0001BFFA5 /* CategoryView.xib in Resources */,
				DBA13A4E13B5CEC7001BFFA5 /* TextViewView2.xib in Resources */,
				DBA13A5013B603C0001BFFA5 /* velo_logo.png in Resources */,
				DBF233ED13B7BBE000569798 /* Entitlements.plist in Resources */,
				9844B3ED13B9F42F00619BCA /* map.png in Resources */,
				DB239C7B13BD1F10006E0D3E /* cache in Resources */,
				DB055BE513BDB26A00C599D6 /* ASIWebPageRequest in Resources */,
				DB055BE613BDB26A00C599D6 /* CloudFiles in Resources */,
				DB055BE713BDB26A00C599D6 /* S3 in Resources */,
				DBBEF43213BDE2B900D40B49 /* icon@2x.png in Resources */,
				DBBEF43513BDE3FB00D40B49 /* logo.png in Resources */,
				DBBEF43613BDE3FB00D40B49 /* logo@2x.png in Resources */,
				DB97164713C0A096004CEC17 /* sort.png in Resources */,
				DB97164913C0A196004CEC17 /* sort@2x.png in Resources */,
				DB97169513C1B4CD004CEC17 /* Default@2x.png in Resources */,
			);
			runOnlyForDeploymentPostprocessing = 0;
		};
/* End PBXResourcesBuildPhase section */

/* Begin PBXSourcesBuildPhase section */
		DB14E55B13B1CD7B0030E84F /* Sources */ = {
			isa = PBXSourcesBuildPhase;
			buildActionMask = 2147483647;
			files = (
				DB14E57113B1CD7B0030E84F /* main.m in Sources */,
				DB14E57413B1CD7B0030E84F /* VeloAntwerpenAppDelegate.mm in Sources */,
				DB14E57A13B1CD7B0030E84F /* MapViewController.m in Sources */,
				DB14E57D13B1CD7B0030E84F /* ListViewController.m in Sources */,
				DB14E59813B1CF610030E84F /* deflate.c in Sources */,
				DB14E59913B1CF610030E84F /* tinystr.cpp in Sources */,
				DB14E59A13B1CF610030E84F /* tinyxml.cpp in Sources */,
				DB14E59B13B1CF610030E84F /* tinyxmlerror.cpp in Sources */,
				DB14E59C13B1CF610030E84F /* tinyxmlparser.cpp in Sources */,
				DB14E59D13B1CF610030E84F /* trees.c in Sources */,
				DB14E59E13B1CF610030E84F /* zutil.c in Sources */,
				DB14E5A313B1D3B30030E84F /* StationAnnotation.m in Sources */,
				DB50426C13B218D500E869A3 /* StationDetailViewController.m in Sources */,
				DB50427113B21AAC00E869A3 /* Station.m in Sources */,
				DB7EFD0E13B32572007D3BD6 /* ContactViewController.m in Sources */,
				DB7EFD1313B327B5007D3BD6 /* ReportIssueViewController.m in Sources */,
				DB7EFD1A13B329E0007D3BD6 /* WEPopoverContainerView.m in Sources */,
				DB7EFD1B13B329E0007D3BD6 /* WEPopoverController.m in Sources */,
				DB7EFD2D13B32ACF007D3BD6 /* TextFieldViewController.m in Sources */,
				DB7EFD3213B3466D007D3BD6 /* TextViewViewController.m in Sources */,
				DBDD432C13B3D35D001B3E7C /* SmallActivityIndicator.m in Sources */,
				DBDD432F13B4786D001B3E7C /* AsyncImageView.m in Sources */,
				DBA13A4013B5CC81001BFFA5 /* TextFieldViewController2.m in Sources */,
				DBA13A4413B5CD04001BFFA5 /* ReportBackViewController.m in Sources */,
				DBA13A4813B5CDB0001BFFA5 /* CategoryViewController.m in Sources */,
				DBA13A4D13B5CEC7001BFFA5 /* TextViewViewController2.m in Sources */,
				DB055BDD13BDB26A00C599D6 /* ASIAuthenticationDialog.m in Sources */,
				DB055BDE13BDB26A00C599D6 /* ASIDataCompressor.m in Sources */,
				DB055BDF13BDB26A00C599D6 /* ASIDataDecompressor.m in Sources */,
				DB055BE013BDB26A00C599D6 /* ASIDownloadCache.m in Sources */,
				DB055BE113BDB26A00C599D6 /* ASIFormDataRequest.m in Sources */,
				DB055BE213BDB26A00C599D6 /* ASIHTTPRequest.m in Sources */,
				DB055BE313BDB26A00C599D6 /* ASIInputStream.m in Sources */,
				DB055BE413BDB26A00C599D6 /* ASINetworkQueue.m in Sources */,
				DB055BEA13BDB27500C599D6 /* Reachability.m in Sources */,
				DB97164413C09EA6004CEC17 /* NSData+Base64.m in Sources */,
			);
			runOnlyForDeploymentPostprocessing = 0;
		};
/* End PBXSourcesBuildPhase section */

/* Begin PBXVariantGroup section */
		DB14E56C13B1CD7B0030E84F /* InfoPlist.strings */ = {
			isa = PBXVariantGroup;
			children = (
				DB14E56D13B1CD7B0030E84F /* en */,
			);
			name = InfoPlist.strings;
			sourceTree = "<group>";
		};
		DB5CF40413B47EBA00291E0E /* Localizable.strings */ = {
			isa = PBXVariantGroup;
			children = (
				DB5CF40513B47EBA00291E0E /* en */,
				DB5CF40E13B47F1F00291E0E /* nl */,
			);
			name = Localizable.strings;
			sourceTree = "<group>";
		};
/* End PBXVariantGroup section */

/* Begin XCBuildConfiguration section */
		DB14E58413B1CD7B0030E84F /* Debug */ = {
			isa = XCBuildConfiguration;
			buildSettings = {
				ARCHS = "$(ARCHS_STANDARD_32_BIT)";
				"CODE_SIGN_IDENTITY[sdk=iphoneos*]" = "iPhone Developer";
				GCC_C_LANGUAGE_STANDARD = gnu99;
				GCC_OPTIMIZATION_LEVEL = 0;
				GCC_PREPROCESSOR_DEFINITIONS = DEBUG;
				GCC_SYMBOLS_PRIVATE_EXTERN = NO;
				GCC_VERSION = com.apple.compilers.llvmgcc42;
				GCC_WARN_ABOUT_MISSING_PROTOTYPES = YES;
				GCC_WARN_ABOUT_RETURN_TYPE = YES;
				GCC_WARN_UNUSED_VARIABLE = YES;
				IPHONEOS_DEPLOYMENT_TARGET = 4.3;
				SDKROOT = iphoneos;
			};
			name = Debug;
		};
		DB14E58513B1CD7B0030E84F /* Release */ = {
			isa = XCBuildConfiguration;
			buildSettings = {
				ARCHS = "$(ARCHS_STANDARD_32_BIT)";
				"CODE_SIGN_IDENTITY[sdk=iphoneos*]" = "iPhone Developer";
				GCC_C_LANGUAGE_STANDARD = gnu99;
				GCC_VERSION = com.apple.compilers.llvmgcc42;
				GCC_WARN_ABOUT_MISSING_PROTOTYPES = YES;
				GCC_WARN_ABOUT_RETURN_TYPE = YES;
				GCC_WARN_UNUSED_VARIABLE = YES;
				IPHONEOS_DEPLOYMENT_TARGET = 4.3;
				OTHER_CFLAGS = "-DNS_BLOCK_ASSERTIONS=1";
				SDKROOT = iphoneos;
			};
			name = Release;
		};
		DB14E58713B1CD7B0030E84F /* Debug */ = {
			isa = XCBuildConfiguration;
			buildSettings = {
				ALWAYS_SEARCH_USER_PATHS = NO;
				COPY_PHASE_STRIP = NO;
				GCC_DYNAMIC_NO_PIC = NO;
				GCC_PRECOMPILE_PREFIX_HEADER = YES;
				GCC_PREFIX_HEADER = "VeloAntwerpen/VeloAntwerpen-Prefix.pch";
				GCC_PREPROCESSOR_DEFINITIONS = (
					DEBUG,
					DEBUG_FORM_DATA_REQUEST,
				);
				INFOPLIST_FILE = "VeloAntwerpen/VeloAntwerpen-Info.plist";
				IPHONEOS_DEPLOYMENT_TARGET = 4.0;
				LIBRARY_SEARCH_PATHS = (
					"$(inherited)",
					"\"$(SRCROOT)/VeloAntwerpen\"",
				);
				PRODUCT_NAME = "$(TARGET_NAME)";
				WRAPPER_EXTENSION = app;
			};
			name = Debug;
		};
		DB14E58813B1CD7B0030E84F /* Release */ = {
			isa = XCBuildConfiguration;
			buildSettings = {
				ALWAYS_SEARCH_USER_PATHS = NO;
				CODE_SIGN_ENTITLEMENTS = "";
				"CODE_SIGN_IDENTITY[sdk=iphoneos*]" = "iPhone Distribution";
				COPY_PHASE_STRIP = YES;
				GCC_PRECOMPILE_PREFIX_HEADER = YES;
				GCC_PREFIX_HEADER = "VeloAntwerpen/VeloAntwerpen-Prefix.pch";
				INFOPLIST_FILE = "VeloAntwerpen/VeloAntwerpen-Info.plist";
				IPHONEOS_DEPLOYMENT_TARGET = 4.0;
				LIBRARY_SEARCH_PATHS = (
					"$(inherited)",
					"\"$(SRCROOT)/VeloAntwerpen\"",
				);
				PRODUCT_NAME = "$(TARGET_NAME)";
				"PROVISIONING_PROFILE[sdk=iphoneos*]" = "";
				VALIDATE_PRODUCT = YES;
				WRAPPER_EXTENSION = app;
			};
			name = Release;
		};
/* End XCBuildConfiguration section */

/* Begin XCConfigurationList section */
		DB14E55913B1CD7B0030E84F /* Build configuration list for PBXProject "VeloAntwerpen" */ = {
			isa = XCConfigurationList;
			buildConfigurations = (
				DB14E58413B1CD7B0030E84F /* Debug */,
				DB14E58513B1CD7B0030E84F /* Release */,
			);
			defaultConfigurationIsVisible = 0;
			defaultConfigurationName = Release;
		};
		DB14E58613B1CD7B0030E84F /* Build configuration list for PBXNativeTarget "VeloAntwerpen" */ = {
			isa = XCConfigurationList;
			buildConfigurations = (
				DB14E58713B1CD7B0030E84F /* Debug */,
				DB14E58813B1CD7B0030E84F /* Release */,
			);
			defaultConfigurationIsVisible = 0;
			defaultConfigurationName = Release;
		};
/* End XCConfigurationList section */
	};
	rootObject = DB14E55613B1CD7B0030E84F /* Project object */;
}
